{
  "version": 4,
  "terraform_version": "1.13.3",
  "serial": 1,
  "lineage": "89321711-47e0-3e42-f109-7f8121a754de",
  "outputs": {},
  "resources": [
    {
      "mode": "managed",
      "type": "multipass_instance",
      "name": "example",
      "provider": "provider[\"registry.terraform.io/larstobi/multipass\"]",
      "instances": [
        {
          "schema_version": 0,
          "attributes": {
            "cloudinit_file": null,
            "cpus": 2,
            "disk": "5G",
            "image": "jammy",
            "memory": "2G",
            "name": "tf-demo"
          },
          "sensitive_attributes": [],
          "identity_schema_version": 0
        }
      ]
    }
  ],
  "check_results": null
}
