{
  "version": 4,
  "terraform_version": "1.13.3",
  "serial": 32,
  "lineage": "3a4caec3-c0ac-3df4-7d8d-16ea7759e613",
  "outputs": {},
  "resources": [
    {
      "mode": "managed",
      "type": "local_file",
      "name": "pet",
      "provider": "provider[\"registry.terraform.io/hashicorp/local\"]",
      "instances": [
        {
          "index_key": "./cats.txt",
          "schema_version": 0,
          "attributes": {
            "content": "foo",
            "content_base64": null,
            "content_base64sha256": "LCa0a2j/xo/5m0U8HTBBNBNCLXBkg7+g+YpeiGJm564=",
            "content_base64sha512": "9/u6bgY2+JDlb7vzKD5STG+jIErimDgtYkdB0NxmODJuKCxBvl5CVNiCB3LFUYosWowMf37aGVlKfrU5RT4e1w==",
            "content_md5": "acbd18db4cc2f85cedef654fccc4a4d8",
            "content_sha1": "0beec7b5ea3f0fdbc95d0dd47f3c5bc275da8a33",
            "content_sha256": "2c26b46b68ffc68ff99b453c1d30413413422d706483bfa0f98a5e886266e7ae",
            "content_sha512": "f7fbba6e0636f890e56fbbf3283e524c6fa3204ae298382d624741d0dc6638326e282c41be5e4254d8820772c5518a2c5a8c0c7f7eda19594a7eb539453e1ed7",
            "directory_permission": "0777",
            "file_permission": "0777",
            "filename": "./cats.txt",
            "id": "0beec7b5ea3f0fdbc95d0dd47f3c5bc275da8a33",
            "sensitive_content": null,
            "source": null
          },
          "sensitive_attributes": [
            [
              {
                "type": "get_attr",
                "value": "sensitive_content"
              }
            ]
          ],
          "identity_schema_version": 0
        },
        {
          "index_key": "./dogs.txt",
          "schema_version": 0,
          "attributes": {
            "content": "foo",
            "content_base64": null,
            "content_base64sha256": "LCa0a2j/xo/5m0U8HTBBNBNCLXBkg7+g+YpeiGJm564=",
            "content_base64sha512": "9/u6bgY2+JDlb7vzKD5STG+jIErimDgtYkdB0NxmODJuKCxBvl5CVNiCB3LFUYosWowMf37aGVlKfrU5RT4e1w==",
            "content_md5": "acbd18db4cc2f85cedef654fccc4a4d8",
            "content_sha1": "0beec7b5ea3f0fdbc95d0dd47f3c5bc275da8a33",
            "content_sha256": "2c26b46b68ffc68ff99b453c1d30413413422d706483bfa0f98a5e886266e7ae",
            "content_sha512": "f7fbba6e0636f890e56fbbf3283e524c6fa3204ae298382d624741d0dc6638326e282c41be5e4254d8820772c5518a2c5a8c0c7f7eda19594a7eb539453e1ed7",
            "directory_permission": "0777",
            "file_permission": "0777",
            "filename": "./dogs.txt",
            "id": "0beec7b5ea3f0fdbc95d0dd47f3c5bc275da8a33",
            "sensitive_content": null,
            "source": null
          },
          "sensitive_attributes": [
            [
              {
                "type": "get_attr",
                "value": "sensitive_content"
              }
            ]
          ],
          "identity_schema_version": 0
        },
        {
          "index_key": "./pet.txt",
          "schema_version": 0,
          "attributes": {
            "content": "foo",
            "content_base64": null,
            "content_base64sha256": "LCa0a2j/xo/5m0U8HTBBNBNCLXBkg7+g+YpeiGJm564=",
            "content_base64sha512": "9/u6bgY2+JDlb7vzKD5STG+jIErimDgtYkdB0NxmODJuKCxBvl5CVNiCB3LFUYosWowMf37aGVlKfrU5RT4e1w==",
            "content_md5": "acbd18db4cc2f85cedef654fccc4a4d8",
            "content_sha1": "0beec7b5ea3f0fdbc95d0dd47f3c5bc275da8a33",
            "content_sha256": "2c26b46b68ffc68ff99b453c1d30413413422d706483bfa0f98a5e886266e7ae",
            "content_sha512": "f7fbba6e0636f890e56fbbf3283e524c6fa3204ae298382d624741d0dc6638326e282c41be5e4254d8820772c5518a2c5a8c0c7f7eda19594a7eb539453e1ed7",
            "directory_permission": "0777",
            "file_permission": "0777",
            "filename": "./pet.txt",
            "id": "0beec7b5ea3f0fdbc95d0dd47f3c5bc275da8a33",
            "sensitive_content": null,
            "source": null
          },
          "sensitive_attributes": [
            [
              {
                "type": "get_attr",
                "value": "sensitive_content"
              }
            ]
          ],
          "identity_schema_version": 0
        }
      ]
    }
  ],
  "check_results": null
}
